
Microsoft Visual Studio Solution File, Format Version 12.00
# Visual Studio Version 17
VisualStudioVersion = 17.11.35303.130
MinimumVisualStudioVersion = 10.0.40219.1
Project("{2150E333-8FDC-42A3-9474-1A3956D46DE8}") = "Task0", "Task0", "{BD302508-354B-48DB-BB05-B37316651A1C}"
EndProject
Project("{9A19103F-16F7-4668-BE54-9A1E7A4F7556}") = "Tyuiu.DanilovAS.Sprint3.Task0.V14", "Tyuiu.DanilovAS.Sprint3.Task0.V14\Tyuiu.DanilovAS.Sprint3.Task0.V14.csproj", "{886CE517-109E-4C3C-8E28-39F6FF2E6281}"
EndProject
Project("{9A19103F-16F7-4668-BE54-9A1E7A4F7556}") = "Tyuiu.DanilovAS.Sprint3.Task0.V14.Lib", "Tyuiu.DanilovAS.Sprint3.Task0.V14.Lib\Tyuiu.DanilovAS.Sprint3.Task0.V14.Lib.csproj", "{D8A11A67-0C9F-4DF6-A7D2-B8D3245280DF}"
EndProject
Project("{9A19103F-16F7-4668-BE54-9A1E7A4F7556}") = "Tyuiu.DanilovAS.Sprint3.Task0.V14.Test", "Tyuiu.DanilovAS.Sprint3.Task0.V14.Test\Tyuiu.DanilovAS.Sprint3.Task0.V14.Test.csproj", "{CC6BBC5B-3F67-41F8-84E0-5CCED5C29DF0}"
EndProject
Project("{2150E333-8FDC-42A3-9474-1A3956D46DE8}") = "Task1", "Task1", "{FC65B0AB-52DB-4640-B358-48ACBED1A58B}"
EndProject
Project("{9A19103F-16F7-4668-BE54-9A1E7A4F7556}") = "Tyuiu.DanilovAS.Sprint3.Task1.V29", "Tyuiu.DanilovAS.Sprint3.Task1.V29\Tyuiu.DanilovAS.Sprint3.Task1.V29.csproj", "{2A9DDABE-3935-4CFC-9DDC-6642071BFF1E}"
EndProject
Project("{9A19103F-16F7-4668-BE54-9A1E7A4F7556}") = "Tyuiu.DanilovAS.Sprint3.Task1.V29.Lib", "Tyuiu.DanilovAS.Sprint3.Task1.V29.Lib\Tyuiu.DanilovAS.Sprint3.Task1.V29.Lib.csproj", "{19CB221A-D79E-4EC0-AAE9-9A31283EF1ED}"
EndProject
Project("{9A19103F-16F7-4668-BE54-9A1E7A4F7556}") = "Tyuiu.DanilovAS.Sprint3.Task1.V29.Test", "Tyuiu.DanilovAS.Sprint3.Task1.V29.Test\Tyuiu.DanilovAS.Sprint3.Task1.V29.Test.csproj", "{EA469894-93FF-478A-B140-ADB9CD11276D}"
EndProject
Project("{2150E333-8FDC-42A3-9474-1A3956D46DE8}") = "Task2", "Task2", "{27DFE66D-0B75-4838-9009-783A4CD12830}"
EndProject
Project("{FAE04EC0-301F-11D3-BF4B-00C04F79EFBC}") = "Tyuiu.DanilovAS.Sprint3.Task2.V21", "Tyuiu.DanilovAS.Sprint3.Task2.V21\Tyuiu.DanilovAS.Sprint3.Task2.V21.csproj", "{68CDF546-989D-492A-8314-CE096EE112C6}"
EndProject
Project("{FAE04EC0-301F-11D3-BF4B-00C04F79EFBC}") = "Tyuiu.DanilovAS.Sprint3.Task2.V21.Lib", "Tyuiu.DanilovAS.Sprint3.Task2.V21.Lib\Tyuiu.DanilovAS.Sprint3.Task2.V21.Lib.csproj", "{93EFC33A-BEEF-4559-BB15-1036F4C1CBC6}"
EndProject
Project("{FAE04EC0-301F-11D3-BF4B-00C04F79EFBC}") = "Tyuiu.DanilovAS.Sprint3.Task2.V21.Test", "Tyuiu.DanilovAS.Sprint3.Task2.V21.Test\Tyuiu.DanilovAS.Sprint3.Task2.V21.Test.csproj", "{606B5C2B-0422-4913-B3DA-883FFC6C597C}"
EndProject
Global
	GlobalSection(SolutionConfigurationPlatforms) = preSolution
		Debug|Any CPU = Debug|Any CPU
		Release|Any CPU = Release|Any CPU
	EndGlobalSection
	GlobalSection(ProjectConfigurationPlatforms) = postSolution
		{886CE517-109E-4C3C-8E28-39F6FF2E6281}.Debug|Any CPU.ActiveCfg = Debug|Any CPU
		{886CE517-109E-4C3C-8E28-39F6FF2E6281}.Debug|Any CPU.Build.0 = Debug|Any CPU
		{886CE517-109E-4C3C-8E28-39F6FF2E6281}.Release|Any CPU.ActiveCfg = Release|Any CPU
		{886CE517-109E-4C3C-8E28-39F6FF2E6281}.Release|Any CPU.Build.0 = Release|Any CPU
		{D8A11A67-0C9F-4DF6-A7D2-B8D3245280DF}.Debug|Any CPU.ActiveCfg = Debug|Any CPU
		{D8A11A67-0C9F-4DF6-A7D2-B8D3245280DF}.Debug|Any CPU.Build.0 = Debug|Any CPU
		{D8A11A67-0C9F-4DF6-A7D2-B8D3245280DF}.Release|Any CPU.ActiveCfg = Release|Any CPU
		{D8A11A67-0C9F-4DF6-A7D2-B8D3245280DF}.Release|Any CPU.Build.0 = Release|Any CPU
		{CC6BBC5B-3F67-41F8-84E0-5CCED5C29DF0}.Debug|Any CPU.ActiveCfg = Debug|Any CPU
		{CC6BBC5B-3F67-41F8-84E0-5CCED5C29DF0}.Debug|Any CPU.Build.0 = Debug|Any CPU
		{CC6BBC5B-3F67-41F8-84E0-5CCED5C29DF0}.Release|Any CPU.ActiveCfg = Release|Any CPU
		{CC6BBC5B-3F67-41F8-84E0-5CCED5C29DF0}.Release|Any CPU.Build.0 = Release|Any CPU
		{2A9DDABE-3935-4CFC-9DDC-6642071BFF1E}.Debug|Any CPU.ActiveCfg = Debug|Any CPU
		{2A9DDABE-3935-4CFC-9DDC-6642071BFF1E}.Debug|Any CPU.Build.0 = Debug|Any CPU
		{2A9DDABE-3935-4CFC-9DDC-6642071BFF1E}.Release|Any CPU.ActiveCfg = Release|Any CPU
		{2A9DDABE-3935-4CFC-9DDC-6642071BFF1E}.Release|Any CPU.Build.0 = Release|Any CPU
		{19CB221A-D79E-4EC0-AAE9-9A31283EF1ED}.Debug|Any CPU.ActiveCfg = Debug|Any CPU
		{19CB221A-D79E-4EC0-AAE9-9A31283EF1ED}.Debug|Any CPU.Build.0 = Debug|Any CPU
		{19CB221A-D79E-4EC0-AAE9-9A31283EF1ED}.Release|Any CPU.ActiveCfg = Release|Any CPU
		{19CB221A-D79E-4EC0-AAE9-9A31283EF1ED}.Release|Any CPU.Build.0 = Release|Any CPU
		{EA469894-93FF-478A-B140-ADB9CD11276D}.Debug|Any CPU.ActiveCfg = Debug|Any CPU
		{EA469894-93FF-478A-B140-ADB9CD11276D}.Debug|Any CPU.Build.0 = Debug|Any CPU
		{EA469894-93FF-478A-B140-ADB9CD11276D}.Release|Any CPU.ActiveCfg = Release|Any CPU
		{EA469894-93FF-478A-B140-ADB9CD11276D}.Release|Any CPU.Build.0 = Release|Any CPU
		{68CDF546-989D-492A-8314-CE096EE112C6}.Debug|Any CPU.ActiveCfg = Debug|Any CPU
		{68CDF546-989D-492A-8314-CE096EE112C6}.Debug|Any CPU.Build.0 = Debug|Any CPU
		{68CDF546-989D-492A-8314-CE096EE112C6}.Release|Any CPU.ActiveCfg = Release|Any CPU
		{68CDF546-989D-492A-8314-CE096EE112C6}.Release|Any CPU.Build.0 = Release|Any CPU
		{93EFC33A-BEEF-4559-BB15-1036F4C1CBC6}.Debug|Any CPU.ActiveCfg = Debug|Any CPU
		{93EFC33A-BEEF-4559-BB15-1036F4C1CBC6}.Debug|Any CPU.Build.0 = Debug|Any CPU
		{93EFC33A-BEEF-4559-BB15-1036F4C1CBC6}.Release|Any CPU.ActiveCfg = Release|Any CPU
		{93EFC33A-BEEF-4559-BB15-1036F4C1CBC6}.Release|Any CPU.Build.0 = Release|Any CPU
		{606B5C2B-0422-4913-B3DA-883FFC6C597C}.Debug|Any CPU.ActiveCfg = Debug|Any CPU
		{606B5C2B-0422-4913-B3DA-883FFC6C597C}.Debug|Any CPU.Build.0 = Debug|Any CPU
		{606B5C2B-0422-4913-B3DA-883FFC6C597C}.Release|Any CPU.ActiveCfg = Release|Any CPU
		{606B5C2B-0422-4913-B3DA-883FFC6C597C}.Release|Any CPU.Build.0 = Release|Any CPU
	EndGlobalSection
	GlobalSection(SolutionProperties) = preSolution
		HideSolutionNode = FALSE
	EndGlobalSection
	GlobalSection(NestedProjects) = preSolution
		{886CE517-109E-4C3C-8E28-39F6FF2E6281} = {BD302508-354B-48DB-BB05-B37316651A1C}
		{D8A11A67-0C9F-4DF6-A7D2-B8D3245280DF} = {BD302508-354B-48DB-BB05-B37316651A1C}
		{CC6BBC5B-3F67-41F8-84E0-5CCED5C29DF0} = {BD302508-354B-48DB-BB05-B37316651A1C}
		{2A9DDABE-3935-4CFC-9DDC-6642071BFF1E} = {FC65B0AB-52DB-4640-B358-48ACBED1A58B}
		{19CB221A-D79E-4EC0-AAE9-9A31283EF1ED} = {FC65B0AB-52DB-4640-B358-48ACBED1A58B}
		{EA469894-93FF-478A-B140-ADB9CD11276D} = {FC65B0AB-52DB-4640-B358-48ACBED1A58B}
		{68CDF546-989D-492A-8314-CE096EE112C6} = {27DFE66D-0B75-4838-9009-783A4CD12830}
		{93EFC33A-BEEF-4559-BB15-1036F4C1CBC6} = {27DFE66D-0B75-4838-9009-783A4CD12830}
		{606B5C2B-0422-4913-B3DA-883FFC6C597C} = {27DFE66D-0B75-4838-9009-783A4CD12830}
	EndGlobalSection
	GlobalSection(ExtensibilityGlobals) = postSolution
		SolutionGuid = {076DD35E-4844-4FF3-B8D1-8CA8E1889862}
	EndGlobalSection
EndGlobal
