
Microsoft Visual Studio Solution File, Format Version 12.00
# Visual Studio Version 17
VisualStudioVersion = 17.11.35303.130
MinimumVisualStudioVersion = 10.0.40219.1
Project("{2150E333-8FDC-42A3-9474-1A3956D46DE8}") = "Task0", "Task0", "{BD302508-354B-48DB-BB05-B37316651A1C}"
EndProject
Project("{FAE04EC0-301F-11D3-BF4B-00C04F79EFBC}") = "Tyuiu.DanilovAS.Sprint3.Task0.V14", "Tyuiu.DanilovAS.Sprint3.Task0.V14\Tyuiu.DanilovAS.Sprint3.Task0.V14.csproj", "{886CE517-109E-4C3C-8E28-39F6FF2E6281}"
EndProject
Project("{FAE04EC0-301F-11D3-BF4B-00C04F79EFBC}") = "Tyuiu.DanilovAS.Sprint3.Task0.V14.Lib", "Tyuiu.DanilovAS.Sprint3.Task0.V14.Lib\Tyuiu.DanilovAS.Sprint3.Task0.V14.Lib.csproj", "{D8A11A67-0C9F-4DF6-A7D2-B8D3245280DF}"
EndProject
Project("{FAE04EC0-301F-11D3-BF4B-00C04F79EFBC}") = "Tyuiu.DanilovAS.Sprint3.Task0.V14.Test", "Tyuiu.DanilovAS.Sprint3.Task0.V14.Test\Tyuiu.DanilovAS.Sprint3.Task0.V14.Test.csproj", "{CC6BBC5B-3F67-41F8-84E0-5CCED5C29DF0}"
EndProject
Global
	GlobalSection(SolutionConfigurationPlatforms) = preSolution
		Debug|Any CPU = Debug|Any CPU
		Release|Any CPU = Release|Any CPU
	EndGlobalSection
	GlobalSection(ProjectConfigurationPlatforms) = postSolution
		{886CE517-109E-4C3C-8E28-39F6FF2E6281}.Debug|Any CPU.ActiveCfg = Debug|Any CPU
		{886CE517-109E-4C3C-8E28-39F6FF2E6281}.Debug|Any CPU.Build.0 = Debug|Any CPU
		{886CE517-109E-4C3C-8E28-39F6FF2E6281}.Release|Any CPU.ActiveCfg = Release|Any CPU
		{886CE517-109E-4C3C-8E28-39F6FF2E6281}.Release|Any CPU.Build.0 = Release|Any CPU
		{D8A11A67-0C9F-4DF6-A7D2-B8D3245280DF}.Debug|Any CPU.ActiveCfg = Debug|Any CPU
		{D8A11A67-0C9F-4DF6-A7D2-B8D3245280DF}.Debug|Any CPU.Build.0 = Debug|Any CPU
		{D8A11A67-0C9F-4DF6-A7D2-B8D3245280DF}.Release|Any CPU.ActiveCfg = Release|Any CPU
		{D8A11A67-0C9F-4DF6-A7D2-B8D3245280DF}.Release|Any CPU.Build.0 = Release|Any CPU
		{CC6BBC5B-3F67-41F8-84E0-5CCED5C29DF0}.Debug|Any CPU.ActiveCfg = Debug|Any CPU
		{CC6BBC5B-3F67-41F8-84E0-5CCED5C29DF0}.Debug|Any CPU.Build.0 = Debug|Any CPU
		{CC6BBC5B-3F67-41F8-84E0-5CCED5C29DF0}.Release|Any CPU.ActiveCfg = Release|Any CPU
		{CC6BBC5B-3F67-41F8-84E0-5CCED5C29DF0}.Release|Any CPU.Build.0 = Release|Any CPU
	EndGlobalSection
	GlobalSection(SolutionProperties) = preSolution
		HideSolutionNode = FALSE
	EndGlobalSection
	GlobalSection(NestedProjects) = preSolution
		{886CE517-109E-4C3C-8E28-39F6FF2E6281} = {BD302508-354B-48DB-BB05-B37316651A1C}
		{D8A11A67-0C9F-4DF6-A7D2-B8D3245280DF} = {BD302508-354B-48DB-BB05-B37316651A1C}
		{CC6BBC5B-3F67-41F8-84E0-5CCED5C29DF0} = {BD302508-354B-48DB-BB05-B37316651A1C}
	EndGlobalSection
	GlobalSection(ExtensibilityGlobals) = postSolution
		SolutionGuid = {076DD35E-4844-4FF3-B8D1-8CA8E1889862}
	EndGlobalSection
EndGlobal
